// !$*UTF8*$!
{
	archiveVersion = 1;
	classes = {
	};
	objectVersion = 48;
	objects = {

/* Begin PBXBuildFile section */
		E2153F1A207C449400EB2E12 /* AppDelegate.swift in Sources */ = {isa = PBXBuildFile; fileRef = E2153F19207C449400EB2E12 /* AppDelegate.swift */; };
		E2153F1C207C449400EB2E12 /* MainMenu.swift in Sources */ = {isa = PBXBuildFile; fileRef = E2153F1B207C449400EB2E12 /* MainMenu.swift */; };
		E2153F22207C449400EB2E12 /* Final.xcdatamodeld in Sources */ = {isa = PBXBuildFile; fileRef = E2153F20207C449400EB2E12 /* Final.xcdatamodeld */; };
		E2153F24207C449400EB2E12 /* Assets.xcassets in Resources */ = {isa = PBXBuildFile; fileRef = E2153F23207C449400EB2E12 /* Assets.xcassets */; };
		E216C3BC207FB69D005189F4 /* HighScoreView.swift in Sources */ = {isa = PBXBuildFile; fileRef = E216C3BB207FB69D005189F4 /* HighScoreView.swift */; };
		E216C3BE207FB71F005189F4 /* MainMenuView.swift in Sources */ = {isa = PBXBuildFile; fileRef = E216C3BD207FB71F005189F4 /* MainMenuView.swift */; };
		E216C3C0207FB8DA005189F4 /* Default-568h@2x.png in Resources */ = {isa = PBXBuildFile; fileRef = E216C3BF207FB8DA005189F4 /* Default-568h@2x.png */; };
		E22CE8D92083EC71000D85C4 /* GameView.swift in Sources */ = {isa = PBXBuildFile; fileRef = E22CE8D82083EC71000D85C4 /* GameView.swift */; };
		E22CE8DB2083F5DA000D85C4 /* questions.txt in Resources */ = {isa = PBXBuildFile; fileRef = E22CE8DA2083F5DA000D85C4 /* questions.txt */; };
		E26115C42082B615000D7FF2 /* Model.swift in Sources */ = {isa = PBXBuildFile; fileRef = E26115C32082B615000D7FF2 /* Model.swift */; };
		E26115C62082B9E3000D7FF2 /* Attributions.txt in Resources */ = {isa = PBXBuildFile; fileRef = E26115C52082B9E3000D7FF2 /* Attributions.txt */; };
		E28868FE208014F9003B6469 /* splash.jpg in Resources */ = {isa = PBXBuildFile; fileRef = E28868FD208014F8003B6469 /* splash.jpg */; };
/* End PBXBuildFile section */

/* Begin PBXFileReference section */
		E2153F16207C449400EB2E12 /* Final.app */ = {isa = PBXFileReference; explicitFileType = wrapper.application; includeInIndex = 0; path = Final.app; sourceTree = BUILT_PRODUCTS_DIR; };
		E2153F19207C449400EB2E12 /* AppDelegate.swift */ = {isa = PBXFileReference; lastKnownFileType = sourcecode.swift; path = AppDelegate.swift; sourceTree = "<group>"; };
		E2153F1B207C449400EB2E12 /* MainMenu.swift */ = {isa = PBXFileReference; lastKnownFileType = sourcecode.swift; path = MainMenu.swift; sourceTree = "<group>"; };
		E2153F21207C449400EB2E12 /* Final.xcdatamodel */ = {isa = PBXFileReference; lastKnownFileType = wrapper.xcdatamodel; path = Final.xcdatamodel; sourceTree = "<group>"; };
		E2153F23207C449400EB2E12 /* Assets.xcassets */ = {isa = PBXFileReference; lastKnownFileType = folder.assetcatalog; path = Assets.xcassets; sourceTree = "<group>"; };
		E2153F28207C449400EB2E12 /* Info.plist */ = {isa = PBXFileReference; lastKnownFileType = text.plist.xml; path = Info.plist; sourceTree = "<group>"; };
		E216C3BB207FB69D005189F4 /* HighScoreView.swift */ = {isa = PBXFileReference; lastKnownFileType = sourcecode.swift; path = HighScoreView.swift; sourceTree = "<group>"; };
		E216C3BD207FB71F005189F4 /* MainMenuView.swift */ = {isa = PBXFileReference; lastKnownFileType = sourcecode.swift; path = MainMenuView.swift; sourceTree = "<group>"; };
		E216C3BF207FB8DA005189F4 /* Default-568h@2x.png */ = {isa = PBXFileReference; lastKnownFileType = image.png; path = "Default-568h@2x.png"; sourceTree = "<group>"; };
		E22CE8D82083EC71000D85C4 /* GameView.swift */ = {isa = PBXFileReference; lastKnownFileType = sourcecode.swift; path = GameView.swift; sourceTree = "<group>"; };
		E22CE8DA2083F5DA000D85C4 /* questions.txt */ = {isa = PBXFileReference; lastKnownFileType = text; path = questions.txt; sourceTree = "<group>"; };
		E26115C32082B615000D7FF2 /* Model.swift */ = {isa = PBXFileReference; lastKnownFileType = sourcecode.swift; path = Model.swift; sourceTree = "<group>"; };
		E26115C52082B9E3000D7FF2 /* Attributions.txt */ = {isa = PBXFileReference; lastKnownFileType = text; path = Attributions.txt; sourceTree = "<group>"; };
		E28868FD208014F8003B6469 /* splash.jpg */ = {isa = PBXFileReference; lastKnownFileType = image.jpeg; name = splash.jpg; path = ../splash.jpg; sourceTree = "<group>"; };
/* End PBXFileReference section */

/* Begin PBXFrameworksBuildPhase section */
		E2153F13207C449400EB2E12 /* Frameworks */ = {
			isa = PBXFrameworksBuildPhase;
			buildActionMask = 2147483647;
			files = (
			);
			runOnlyForDeploymentPostprocessing = 0;
		};
/* End PBXFrameworksBuildPhase section */

/* Begin PBXGroup section */
		E2153F0D207C449400EB2E12 = {
			isa = PBXGroup;
			children = (
				E28868FD208014F8003B6469 /* splash.jpg */,
				E216C3BF207FB8DA005189F4 /* Default-568h@2x.png */,
				E2153F18207C449400EB2E12 /* Final */,
				E2153F17207C449400EB2E12 /* Products */,
			);
			sourceTree = "<group>";
		};
		E2153F17207C449400EB2E12 /* Products */ = {
			isa = PBXGroup;
			children = (
				E2153F16207C449400EB2E12 /* Final.app */,
			);
			name = Products;
			sourceTree = "<group>";
		};
		E2153F18207C449400EB2E12 /* Final */ = {
			isa = PBXGroup;
			children = (
				E2153F19207C449400EB2E12 /* AppDelegate.swift */,
				E2153F1B207C449400EB2E12 /* MainMenu.swift */,
				E216C3BD207FB71F005189F4 /* MainMenuView.swift */,
				E216C3BB207FB69D005189F4 /* HighScoreView.swift */,
				E2153F23207C449400EB2E12 /* Assets.xcassets */,
				E2153F28207C449400EB2E12 /* Info.plist */,
				E2153F20207C449400EB2E12 /* Final.xcdatamodeld */,
				E26115C32082B615000D7FF2 /* Model.swift */,
				E26115C52082B9E3000D7FF2 /* Attributions.txt */,
				E22CE8D82083EC71000D85C4 /* GameView.swift */,
				E22CE8DA2083F5DA000D85C4 /* questions.txt */,
			);
			path = Final;
			sourceTree = "<group>";
		};
/* End PBXGroup section */

/* Begin PBXNativeTarget section */
		E2153F15207C449400EB2E12 /* Final */ = {
			isa = PBXNativeTarget;
			buildConfigurationList = E2153F2B207C449400EB2E12 /* Build configuration list for PBXNativeTarget "Final" */;
			buildPhases = (
				E2153F12207C449400EB2E12 /* Sources */,
				E2153F13207C449400EB2E12 /* Frameworks */,
				E2153F14207C449400EB2E12 /* Resources */,
			);
			buildRules = (
			);
			dependencies = (
			);
			name = Final;
			productName = Final;
			productReference = E2153F16207C449400EB2E12 /* Final.app */;
			productType = "com.apple.product-type.application";
		};
/* End PBXNativeTarget section */

/* Begin PBXProject section */
		E2153F0E207C449400EB2E12 /* Project object */ = {
			isa = PBXProject;
			attributes = {
				LastSwiftUpdateCheck = 0920;
				LastUpgradeCheck = 0920;
				ORGANIZATIONNAME = "Osama Kergaye";
				TargetAttributes = {
					E2153F15207C449400EB2E12 = {
						CreatedOnToolsVersion = 9.2;
						ProvisioningStyle = Automatic;
					};
				};
			};
			buildConfigurationList = E2153F11207C449400EB2E12 /* Build configuration list for PBXProject "Final" */;
			compatibilityVersion = "Xcode 8.0";
			developmentRegion = en;
			hasScannedForEncodings = 0;
			knownRegions = (
				en,
				Base,
			);
			mainGroup = E2153F0D207C449400EB2E12;
			productRefGroup = E2153F17207C449400EB2E12 /* Products */;
			projectDirPath = "";
			projectRoot = "";
			targets = (
				E2153F15207C449400EB2E12 /* Final */,
			);
		};
/* End PBXProject section */

/* Begin PBXResourcesBuildPhase section */
		E2153F14207C449400EB2E12 /* Resources */ = {
			isa = PBXResourcesBuildPhase;
			buildActionMask = 2147483647;
			files = (
				E26115C62082B9E3000D7FF2 /* Attributions.txt in Resources */,
				E28868FE208014F9003B6469 /* splash.jpg in Resources */,
				E2153F24207C449400EB2E12 /* Assets.xcassets in Resources */,
				E22CE8DB2083F5DA000D85C4 /* questions.txt in Resources */,
				E216C3C0207FB8DA005189F4 /* Default-568h@2x.png in Resources */,
			);
			runOnlyForDeploymentPostprocessing = 0;
		};
/* End PBXResourcesBuildPhase section */

/* Begin PBXSourcesBuildPhase section */
		E2153F12207C449400EB2E12 /* Sources */ = {
			isa = PBXSourcesBuildPhase;
			buildActionMask = 2147483647;
			files = (
				E216C3BE207FB71F005189F4 /* MainMenuView.swift in Sources */,
				E2153F22207C449400EB2E12 /* Final.xcdatamodeld in Sources */,
				E2153F1C207C449400EB2E12 /* MainMenu.swift in Sources */,
				E26115C42082B615000D7FF2 /* Model.swift in Sources */,
				E216C3BC207FB69D005189F4 /* HighScoreView.swift in Sources */,
				E2153F1A207C449400EB2E12 /* AppDelegate.swift in Sources */,
				E22CE8D92083EC71000D85C4 /* GameView.swift in Sources */,
			);
			runOnlyForDeploymentPostprocessing = 0;
		};
/* End PBXSourcesBuildPhase section */

/* Begin XCBuildConfiguration section */
		E2153F29207C449400EB2E12 /* Debug */ = {
			isa = XCBuildConfiguration;
			buildSettings = {
				ALWAYS_SEARCH_USER_PATHS = NO;
				CLANG_ANALYZER_NONNULL = YES;
				CLANG_ANALYZER_NUMBER_OBJECT_CONVERSION = YES_AGGRESSIVE;
				CLANG_CXX_LANGUAGE_STANDARD = "gnu++14";
				CLANG_CXX_LIBRARY = "libc++";
				CLANG_ENABLE_MODULES = YES;
				CLANG_ENABLE_OBJC_ARC = YES;
				CLANG_WARN_BLOCK_CAPTURE_AUTORELEASING = YES;
				CLANG_WARN_BOOL_CONVERSION = YES;
				CLANG_WARN_COMMA = YES;
				CLANG_WARN_CONSTANT_CONVERSION = YES;
				CLANG_WARN_DIRECT_OBJC_ISA_USAGE = YES_ERROR;
				CLANG_WARN_DOCUMENTATION_COMMENTS = YES;
				CLANG_WARN_EMPTY_BODY = YES;
				CLANG_WARN_ENUM_CONVERSION = YES;
				CLANG_WARN_INFINITE_RECURSION = YES;
				CLANG_WARN_INT_CONVERSION = YES;
				CLANG_WARN_NON_LITERAL_NULL_CONVERSION = YES;
				CLANG_WARN_OBJC_LITERAL_CONVERSION = YES;
				CLANG_WARN_OBJC_ROOT_CLASS = YES_ERROR;
				CLANG_WARN_RANGE_LOOP_ANALYSIS = YES;
				CLANG_WARN_STRICT_PROTOTYPES = YES;
				CLANG_WARN_SUSPICIOUS_MOVE = YES;
				CLANG_WARN_UNGUARDED_AVAILABILITY = YES_AGGRESSIVE;
				CLANG_WARN_UNREACHABLE_CODE = YES;
				CLANG_WARN__DUPLICATE_METHOD_MATCH = YES;
				CODE_SIGN_IDENTITY = "iPhone Developer";
				COPY_PHASE_STRIP = NO;
				DEBUG_INFORMATION_FORMAT = dwarf;
				ENABLE_STRICT_OBJC_MSGSEND = YES;
				ENABLE_TESTABILITY = YES;
				GCC_C_LANGUAGE_STANDARD = gnu11;
				GCC_DYNAMIC_NO_PIC = NO;
				GCC_NO_COMMON_BLOCKS = YES;
				GCC_OPTIMIZATION_LEVEL = 0;
				GCC_PREPROCESSOR_DEFINITIONS = (
					"DEBUG=1",
					"$(inherited)",
				);
				GCC_WARN_64_TO_32_BIT_CONVERSION = YES;
				GCC_WARN_ABOUT_RETURN_TYPE = YES_ERROR;
				GCC_WARN_UNDECLARED_SELECTOR = YES;
				GCC_WARN_UNINITIALIZED_AUTOS = YES_AGGRESSIVE;
				GCC_WARN_UNUSED_FUNCTION = YES;
				GCC_WARN_UNUSED_VARIABLE = YES;
				IPHONEOS_DEPLOYMENT_TARGET = 11.2;
				MTL_ENABLE_DEBUG_INFO = YES;
				ONLY_ACTIVE_ARCH = YES;
				SDKROOT = iphoneos;
				SWIFT_ACTIVE_COMPILATION_CONDITIONS = DEBUG;
				SWIFT_OPTIMIZATION_LEVEL = "-Onone";
			};
			name = Debug;
		};
		E2153F2A207C449400EB2E12 /* Release */ = {
			isa = XCBuildConfiguration;
			buildSettings = {
				ALWAYS_SEARCH_USER_PATHS = NO;
				CLANG_ANALYZER_NONNULL = YES;
				CLANG_ANALYZER_NUMBER_OBJECT_CONVERSION = YES_AGGRESSIVE;
				CLANG_CXX_LANGUAGE_STANDARD = "gnu++14";
				CLANG_CXX_LIBRARY = "libc++";
				CLANG_ENABLE_MODULES = YES;
				CLANG_ENABLE_OBJC_ARC = YES;
				CLANG_WARN_BLOCK_CAPTURE_AUTORELEASING = YES;
				CLANG_WARN_BOOL_CONVERSION = YES;
				CLANG_WARN_COMMA = YES;
				CLANG_WARN_CONSTANT_CONVERSION = YES;
				CLANG_WARN_DIRECT_OBJC_ISA_USAGE = YES_ERROR;
				CLANG_WARN_DOCUMENTATION_COMMENTS = YES;
				CLANG_WARN_EMPTY_BODY = YES;
				CLANG_WARN_ENUM_CONVERSION = YES;
				CLANG_WARN_INFINITE_RECURSION = YES;
				CLANG_WARN_INT_CONVERSION = YES;
				CLANG_WARN_NON_LITERAL_NULL_CONVERSION = YES;
				CLANG_WARN_OBJC_LITERAL_CONVERSION = YES;
				CLANG_WARN_OBJC_ROOT_CLASS = YES_ERROR;
				CLANG_WARN_RANGE_LOOP_ANALYSIS = YES;
				CLANG_WARN_STRICT_PROTOTYPES = YES;
				CLANG_WARN_SUSPICIOUS_MOVE = YES;
				CLANG_WARN_UNGUARDED_AVAILABILITY = YES_AGGRESSIVE;
				CLANG_WARN_UNREACHABLE_CODE = YES;
				CLANG_WARN__DUPLICATE_METHOD_MATCH = YES;
				CODE_SIGN_IDENTITY = "iPhone Developer";
				COPY_PHASE_STRIP = NO;
				DEBUG_INFORMATION_FORMAT = "dwarf-with-dsym";
				ENABLE_NS_ASSERTIONS = NO;
				ENABLE_STRICT_OBJC_MSGSEND = YES;
				GCC_C_LANGUAGE_STANDARD = gnu11;
				GCC_NO_COMMON_BLOCKS = YES;
				GCC_WARN_64_TO_32_BIT_CONVERSION = YES;
				GCC_WARN_ABOUT_RETURN_TYPE = YES_ERROR;
				GCC_WARN_UNDECLARED_SELECTOR = YES;
				GCC_WARN_UNINITIALIZED_AUTOS = YES_AGGRESSIVE;
				GCC_WARN_UNUSED_FUNCTION = YES;
				GCC_WARN_UNUSED_VARIABLE = YES;
				IPHONEOS_DEPLOYMENT_TARGET = 11.2;
				MTL_ENABLE_DEBUG_INFO = NO;
				SDKROOT = iphoneos;
				SWIFT_OPTIMIZATION_LEVEL = "-Owholemodule";
				VALIDATE_PRODUCT = YES;
			};
			name = Release;
		};
		E2153F2C207C449400EB2E12 /* Debug */ = {
			isa = XCBuildConfiguration;
			buildSettings = {
				ASSETCATALOG_COMPILER_APPICON_NAME = AppIcon;
				CODE_SIGN_STYLE = Automatic;
				INFOPLIST_FILE = Final/Info.plist;
				LD_RUNPATH_SEARCH_PATHS = "$(inherited) @executable_path/Frameworks";
				PRODUCT_BUNDLE_IDENTIFIER = CS4530.Final;
				PRODUCT_NAME = "$(TARGET_NAME)";
				SWIFT_VERSION = 4.0;
				TARGETED_DEVICE_FAMILY = "1,2";
			};
			name = Debug;
		};
		E2153F2D207C449400EB2E12 /* Release */ = {
			isa = XCBuildConfiguration;
			buildSettings = {
				ASSETCATALOG_COMPILER_APPICON_NAME = AppIcon;
				CODE_SIGN_STYLE = Automatic;
				INFOPLIST_FILE = Final/Info.plist;
				LD_RUNPATH_SEARCH_PATHS = "$(inherited) @executable_path/Frameworks";
				PRODUCT_BUNDLE_IDENTIFIER = CS4530.Final;
				PRODUCT_NAME = "$(TARGET_NAME)";
				SWIFT_VERSION = 4.0;
				TARGETED_DEVICE_FAMILY = "1,2";
			};
			name = Release;
		};
/* End XCBuildConfiguration section */

/* Begin XCConfigurationList section */
		E2153F11207C449400EB2E12 /* Build configuration list for PBXProject "Final" */ = {
			isa = XCConfigurationList;
			buildConfigurations = (
				E2153F29207C449400EB2E12 /* Debug */,
				E2153F2A207C449400EB2E12 /* Release */,
			);
			defaultConfigurationIsVisible = 0;
			defaultConfigurationName = Release;
		};
		E2153F2B207C449400EB2E12 /* Build configuration list for PBXNativeTarget "Final" */ = {
			isa = XCConfigurationList;
			buildConfigurations = (
				E2153F2C207C449400EB2E12 /* Debug */,
				E2153F2D207C449400EB2E12 /* Release */,
			);
			defaultConfigurationIsVisible = 0;
			defaultConfigurationName = Release;
		};
/* End XCConfigurationList section */

/* Begin XCVersionGroup section */
		E2153F20207C449400EB2E12 /* Final.xcdatamodeld */ = {
			isa = XCVersionGroup;
			children = (
				E2153F21207C449400EB2E12 /* Final.xcdatamodel */,
			);
			currentVersion = E2153F21207C449400EB2E12 /* Final.xcdatamodel */;
			path = Final.xcdatamodeld;
			sourceTree = "<group>";
			versionGroupType = wrapper.xcdatamodel;
		};
/* End XCVersionGroup section */
	};
	rootObject = E2153F0E207C449400EB2E12 /* Project object */;
}
